// !$*UTF8*$!
{
	archiveVersion = 1;
	classes = {
	};
	objectVersion = 46;
	objects = {

/* Begin PBXBuildFile section */
		663C6E001C0B4000000CA09C /* ScreenshotsCollectionViewFlowLayout.swift in Sources */ = {isa = PBXBuildFile; fileRef = 663C6DFF1C0B4000000CA09C /* ScreenshotsCollectionViewFlowLayout.swift */; };
		663C6E021C0BAF6D000CA09C /* ScreenshotCell.swift in Sources */ = {isa = PBXBuildFile; fileRef = 663C6E011C0BAF6D000CA09C /* ScreenshotCell.swift */; };
		668FEDC91C0E25B800A9F289 /* CNPGridMenu.m in Sources */ = {isa = PBXBuildFile; fileRef = 668FEDC81C0E25B800A9F289 /* CNPGridMenu.m */; };
		668FEDCB1C0E51DE00A9F289 /* SettingsViewController.swift in Sources */ = {isa = PBXBuildFile; fileRef = 668FEDCA1C0E51DE00A9F289 /* SettingsViewController.swift */; };
		780C4EC81C1985A800820048 /* NotificationCenter.framework in Frameworks */ = {isa = PBXBuildFile; fileRef = 780C4EC71C1985A800820048 /* NotificationCenter.framework */; };
		780C4ECB1C1985A800820048 /* TodayViewController.swift in Sources */ = {isa = PBXBuildFile; fileRef = 780C4ECA1C1985A800820048 /* TodayViewController.swift */; };
		780C4ECE1C1985A800820048 /* MainInterface.storyboard in Resources */ = {isa = PBXBuildFile; fileRef = 780C4ECC1C1985A800820048 /* MainInterface.storyboard */; };
		780C4ED21C1985A800820048 /* Back to the Photo Widget.appex in Embed App Extensions */ = {isa = PBXBuildFile; fileRef = 780C4EC61C1985A800820048 /* Back to the Photo Widget.appex */; settings = {ATTRIBUTES = (RemoveHeadersOnCopy, ); }; };
		780C4ED81C19C47300820048 /* DoneHUD.swift in Sources */ = {isa = PBXBuildFile; fileRef = 780C4ED61C19C47300820048 /* DoneHUD.swift */; };
		780C4ED91C19C47300820048 /* DoneView.swift in Sources */ = {isa = PBXBuildFile; fileRef = 780C4ED71C19C47300820048 /* DoneView.swift */; };
		784D15D71C11E43E004DFC65 /* ScreenshotsCollectionViewController.swift in Sources */ = {isa = PBXBuildFile; fileRef = 784D15D61C11E43E004DFC65 /* ScreenshotsCollectionViewController.swift */; };
		7876D2AA1C1825A400AE2B42 /* AddPhotoController.swift in Sources */ = {isa = PBXBuildFile; fileRef = 7876D2A91C1825A400AE2B42 /* AddPhotoController.swift */; };
		7876D2CA1C18314A00AE2B42 /* AsyncButton.swift in Sources */ = {isa = PBXBuildFile; fileRef = 7876D2AC1C18314A00AE2B42 /* AsyncButton.swift */; };
		7876D2CB1C18314A00AE2B42 /* AsyncImageView.swift in Sources */ = {isa = PBXBuildFile; fileRef = 7876D2AD1C18314A00AE2B42 /* AsyncImageView.swift */; };
		7876D2CC1C18314A00AE2B42 /* AutoTextView.swift in Sources */ = {isa = PBXBuildFile; fileRef = 7876D2AE1C18314A00AE2B42 /* AutoTextView.swift */; };
		7876D2CD1C18314A00AE2B42 /* BlurView.swift in Sources */ = {isa = PBXBuildFile; fileRef = 7876D2AF1C18314A00AE2B42 /* BlurView.swift */; };
		7876D2CE1C18314A00AE2B42 /* DesignableButton.swift in Sources */ = {isa = PBXBuildFile; fileRef = 7876D2B01C18314A00AE2B42 /* DesignableButton.swift */; };
		7876D2CF1C18314A00AE2B42 /* DesignableImageView.swift in Sources */ = {isa = PBXBuildFile; fileRef = 7876D2B11C18314A00AE2B42 /* DesignableImageView.swift */; };
		7876D2D01C18314A00AE2B42 /* DesignableLabel.swift in Sources */ = {isa = PBXBuildFile; fileRef = 7876D2B21C18314A00AE2B42 /* DesignableLabel.swift */; };
		7876D2D11C18314A00AE2B42 /* DesignableTabBarController.swift in Sources */ = {isa = PBXBuildFile; fileRef = 7876D2B31C18314A00AE2B42 /* DesignableTabBarController.swift */; };
		7876D2D21C18314A00AE2B42 /* DesignableTextField.swift in Sources */ = {isa = PBXBuildFile; fileRef = 7876D2B41C18314A00AE2B42 /* DesignableTextField.swift */; };
		7876D2D31C18314A00AE2B42 /* DesignableTextView.swift in Sources */ = {isa = PBXBuildFile; fileRef = 7876D2B51C18314A00AE2B42 /* DesignableTextView.swift */; };
		7876D2D41C18314A00AE2B42 /* DesignableView.swift in Sources */ = {isa = PBXBuildFile; fileRef = 7876D2B61C18314A00AE2B42 /* DesignableView.swift */; };
		7876D2D51C18314A00AE2B42 /* ImageLoader.swift in Sources */ = {isa = PBXBuildFile; fileRef = 7876D2B71C18314A00AE2B42 /* ImageLoader.swift */; };
		7876D2D61C18314A00AE2B42 /* Info.plist in Resources */ = {isa = PBXBuildFile; fileRef = 7876D2B81C18314A00AE2B42 /* Info.plist */; };
		7876D2D71C18314A00AE2B42 /* KeyboardLayoutConstraint.swift in Sources */ = {isa = PBXBuildFile; fileRef = 7876D2B91C18314A00AE2B42 /* KeyboardLayoutConstraint.swift */; };
		7876D2D81C18314A00AE2B42 /* LoadingView.swift in Sources */ = {isa = PBXBuildFile; fileRef = 7876D2BA1C18314A00AE2B42 /* LoadingView.swift */; };
		7876D2D91C18314A00AE2B42 /* LoadingView.xib in Resources */ = {isa = PBXBuildFile; fileRef = 7876D2BB1C18314A00AE2B42 /* LoadingView.xib */; };
		7876D2DA1C18314A00AE2B42 /* Misc.swift in Sources */ = {isa = PBXBuildFile; fileRef = 7876D2BC1C18314A00AE2B42 /* Misc.swift */; };
		7876D2DB1C18314A00AE2B42 /* SoundPlayer.swift in Sources */ = {isa = PBXBuildFile; fileRef = 7876D2BD1C18314A00AE2B42 /* SoundPlayer.swift */; };
		7876D2DC1C18314A00AE2B42 /* Spring.swift in Sources */ = {isa = PBXBuildFile; fileRef = 7876D2BF1C18314A00AE2B42 /* Spring.swift */; };
		7876D2DD1C18314A00AE2B42 /* SpringAnimation.swift in Sources */ = {isa = PBXBuildFile; fileRef = 7876D2C01C18314A00AE2B42 /* SpringAnimation.swift */; };
		7876D2DE1C18314A00AE2B42 /* SpringButton.swift in Sources */ = {isa = PBXBuildFile; fileRef = 7876D2C11C18314A00AE2B42 /* SpringButton.swift */; };
		7876D2DF1C18314A00AE2B42 /* SpringImageView.swift in Sources */ = {isa = PBXBuildFile; fileRef = 7876D2C21C18314A00AE2B42 /* SpringImageView.swift */; };
		7876D2E01C18314A00AE2B42 /* SpringLabel.swift in Sources */ = {isa = PBXBuildFile; fileRef = 7876D2C31C18314A00AE2B42 /* SpringLabel.swift */; };
		7876D2E11C18314A00AE2B42 /* SpringTextField.swift in Sources */ = {isa = PBXBuildFile; fileRef = 7876D2C41C18314A00AE2B42 /* SpringTextField.swift */; };
		7876D2E21C18314A00AE2B42 /* SpringTextView.swift in Sources */ = {isa = PBXBuildFile; fileRef = 7876D2C51C18314A00AE2B42 /* SpringTextView.swift */; };
		7876D2E31C18314A00AE2B42 /* SpringView.swift in Sources */ = {isa = PBXBuildFile; fileRef = 7876D2C61C18314A00AE2B42 /* SpringView.swift */; };
		7876D2E41C18314A00AE2B42 /* TransitionManager.swift in Sources */ = {isa = PBXBuildFile; fileRef = 7876D2C71C18314A00AE2B42 /* TransitionManager.swift */; };
		7876D2E51C18314A00AE2B42 /* TransitionZoom.swift in Sources */ = {isa = PBXBuildFile; fileRef = 7876D2C81C18314A00AE2B42 /* TransitionZoom.swift */; };
		7876D2E61C18314A00AE2B42 /* UnwindSegue.swift in Sources */ = {isa = PBXBuildFile; fileRef = 7876D2C91C18314A00AE2B42 /* UnwindSegue.swift */; };
		7876D2EB1C18381200AE2B42 /* CoreMotion.framework in Frameworks */ = {isa = PBXBuildFile; fileRef = 7876D2E91C1836B500AE2B42 /* CoreMotion.framework */; };
		789105B11C1845AD008D2D2A /* RootNavController.swift in Sources */ = {isa = PBXBuildFile; fileRef = 789105B01C1845AD008D2D2A /* RootNavController.swift */; };
		789105B31C185209008D2D2A /* TinyPhotoLibraryViewController.swift in Sources */ = {isa = PBXBuildFile; fileRef = 789105B21C185209008D2D2A /* TinyPhotoLibraryViewController.swift */; };
		78979C9E1BC80882003F86BB /* AppDelegate.swift in Sources */ = {isa = PBXBuildFile; fileRef = 78979C9D1BC80882003F86BB /* AppDelegate.swift */; };
		78979CA01BC80882003F86BB /* FirstViewController.swift in Sources */ = {isa = PBXBuildFile; fileRef = 78979C9F1BC80882003F86BB /* FirstViewController.swift */; };
		78979CA51BC80882003F86BB /* Main.storyboard in Resources */ = {isa = PBXBuildFile; fileRef = 78979CA31BC80882003F86BB /* Main.storyboard */; };
		78979CA71BC80882003F86BB /* Assets.xcassets in Resources */ = {isa = PBXBuildFile; fileRef = 78979CA61BC80882003F86BB /* Assets.xcassets */; };
		78979CAA1BC80882003F86BB /* LaunchScreen.storyboard in Resources */ = {isa = PBXBuildFile; fileRef = 78979CA81BC80882003F86BB /* LaunchScreen.storyboard */; };
		78E49BA01C16F7AD0007F3DA /* about.html in Resources */ = {isa = PBXBuildFile; fileRef = 78E49B9F1C16F7AD0007F3DA /* about.html */; };
		78E49BA21C170B2B0007F3DA /* AboutViewController.swift in Sources */ = {isa = PBXBuildFile; fileRef = 78E49BA11C170B2B0007F3DA /* AboutViewController.swift */; };
		78E6E5731C0F3BE40062929D /* ShowReminderViewController.swift in Sources */ = {isa = PBXBuildFile; fileRef = 78E6E5721C0F3BE40062929D /* ShowReminderViewController.swift */; };
		78E6E5751C0F5B560062929D /* DatePickerDialog.swift in Sources */ = {isa = PBXBuildFile; fileRef = 78E6E5741C0F5B560062929D /* DatePickerDialog.swift */; };
/* End PBXBuildFile section */

/* Begin PBXContainerItemProxy section */
		780C4ED01C1985A800820048 /* PBXContainerItemProxy */ = {
			isa = PBXContainerItemProxy;
			containerPortal = 78979C921BC80882003F86BB /* Project object */;
			proxyType = 1;
			remoteGlobalIDString = 780C4EC51C1985A800820048;
			remoteInfo = "Back to the Photo Widget";
		};
/* End PBXContainerItemProxy section */

/* Begin PBXCopyFilesBuildPhase section */
		663C6DFE1C0B393D000CA09C /* Embed Watch Content */ = {
			isa = PBXCopyFilesBuildPhase;
			buildActionMask = 2147483647;
			dstPath = "$(CONTENTS_FOLDER_PATH)/Watch";
			dstSubfolderSpec = 16;
			files = (
			);
			name = "Embed Watch Content";
			runOnlyForDeploymentPostprocessing = 0;
		};
		668FEDC11C0DEA7600A9F289 /* Embed Frameworks */ = {
			isa = PBXCopyFilesBuildPhase;
			buildActionMask = 2147483647;
			dstPath = "";
			dstSubfolderSpec = 10;
			files = (
			);
			name = "Embed Frameworks";
			runOnlyForDeploymentPostprocessing = 0;
		};
		78E49BB51C1718B70007F3DA /* Embed App Extensions */ = {
			isa = PBXCopyFilesBuildPhase;
			buildActionMask = 2147483647;
			dstPath = "";
			dstSubfolderSpec = 13;
			files = (
				780C4ED21C1985A800820048 /* Back to the Photo Widget.appex in Embed App Extensions */,
			);
			name = "Embed App Extensions";
			runOnlyForDeploymentPostprocessing = 0;
		};
/* End PBXCopyFilesBuildPhase section */

/* Begin PBXFileReference section */
		663C6DFF1C0B4000000CA09C /* ScreenshotsCollectionViewFlowLayout.swift */ = {isa = PBXFileReference; fileEncoding = 4; lastKnownFileType = sourcecode.swift; path = ScreenshotsCollectionViewFlowLayout.swift; sourceTree = "<group>"; };
		663C6E011C0BAF6D000CA09C /* ScreenshotCell.swift */ = {isa = PBXFileReference; fileEncoding = 4; lastKnownFileType = sourcecode.swift; path = ScreenshotCell.swift; sourceTree = "<group>"; };
		668FEDC61C0E25B800A9F289 /* Mmry-Bridging-Header.h */ = {isa = PBXFileReference; lastKnownFileType = sourcecode.c.h; path = "Mmry-Bridging-Header.h"; sourceTree = "<group>"; };
		668FEDC71C0E25B800A9F289 /* CNPGridMenu.h */ = {isa = PBXFileReference; fileEncoding = 4; lastKnownFileType = sourcecode.c.h; path = CNPGridMenu.h; sourceTree = "<group>"; };
		668FEDC81C0E25B800A9F289 /* CNPGridMenu.m */ = {isa = PBXFileReference; fileEncoding = 4; lastKnownFileType = sourcecode.c.objc; path = CNPGridMenu.m; sourceTree = "<group>"; };
		668FEDCA1C0E51DE00A9F289 /* SettingsViewController.swift */ = {isa = PBXFileReference; fileEncoding = 4; lastKnownFileType = sourcecode.swift; path = SettingsViewController.swift; sourceTree = "<group>"; };
		780C4EC61C1985A800820048 /* Back to the Photo Widget.appex */ = {isa = PBXFileReference; explicitFileType = "wrapper.app-extension"; includeInIndex = 0; path = "Back to the Photo Widget.appex"; sourceTree = BUILT_PRODUCTS_DIR; };
		780C4EC71C1985A800820048 /* NotificationCenter.framework */ = {isa = PBXFileReference; lastKnownFileType = wrapper.framework; name = NotificationCenter.framework; path = System/Library/Frameworks/NotificationCenter.framework; sourceTree = SDKROOT; };
		780C4ECA1C1985A800820048 /* TodayViewController.swift */ = {isa = PBXFileReference; lastKnownFileType = sourcecode.swift; path = TodayViewController.swift; sourceTree = "<group>"; };
		780C4ECD1C1985A800820048 /* Base */ = {isa = PBXFileReference; lastKnownFileType = file.storyboard; name = Base; path = Base.lproj/MainInterface.storyboard; sourceTree = "<group>"; };
		780C4ECF1C1985A800820048 /* Info.plist */ = {isa = PBXFileReference; lastKnownFileType = text.plist.xml; path = Info.plist; sourceTree = "<group>"; };
		780C4ED61C19C47300820048 /* DoneHUD.swift */ = {isa = PBXFileReference; fileEncoding = 4; lastKnownFileType = sourcecode.swift; path = DoneHUD.swift; sourceTree = "<group>"; };
		780C4ED71C19C47300820048 /* DoneView.swift */ = {isa = PBXFileReference; fileEncoding = 4; lastKnownFileType = sourcecode.swift; path = DoneView.swift; sourceTree = "<group>"; };
		784D15D61C11E43E004DFC65 /* ScreenshotsCollectionViewController.swift */ = {isa = PBXFileReference; fileEncoding = 4; lastKnownFileType = sourcecode.swift; path = ScreenshotsCollectionViewController.swift; sourceTree = "<group>"; };
		7876D2A91C1825A400AE2B42 /* AddPhotoController.swift */ = {isa = PBXFileReference; fileEncoding = 4; lastKnownFileType = sourcecode.swift; path = AddPhotoController.swift; sourceTree = "<group>"; };
		7876D2AC1C18314A00AE2B42 /* AsyncButton.swift */ = {isa = PBXFileReference; fileEncoding = 4; lastKnownFileType = sourcecode.swift; path = AsyncButton.swift; sourceTree = "<group>"; };
		7876D2AD1C18314A00AE2B42 /* AsyncImageView.swift */ = {isa = PBXFileReference; fileEncoding = 4; lastKnownFileType = sourcecode.swift; path = AsyncImageView.swift; sourceTree = "<group>"; };
		7876D2AE1C18314A00AE2B42 /* AutoTextView.swift */ = {isa = PBXFileReference; fileEncoding = 4; lastKnownFileType = sourcecode.swift; path = AutoTextView.swift; sourceTree = "<group>"; };
		7876D2AF1C18314A00AE2B42 /* BlurView.swift */ = {isa = PBXFileReference; fileEncoding = 4; lastKnownFileType = sourcecode.swift; path = BlurView.swift; sourceTree = "<group>"; };
		7876D2B01C18314A00AE2B42 /* DesignableButton.swift */ = {isa = PBXFileReference; fileEncoding = 4; lastKnownFileType = sourcecode.swift; path = DesignableButton.swift; sourceTree = "<group>"; };
		7876D2B11C18314A00AE2B42 /* DesignableImageView.swift */ = {isa = PBXFileReference; fileEncoding = 4; lastKnownFileType = sourcecode.swift; path = DesignableImageView.swift; sourceTree = "<group>"; };
		7876D2B21C18314A00AE2B42 /* DesignableLabel.swift */ = {isa = PBXFileReference; fileEncoding = 4; lastKnownFileType = sourcecode.swift; path = DesignableLabel.swift; sourceTree = "<group>"; };
		7876D2B31C18314A00AE2B42 /* DesignableTabBarController.swift */ = {isa = PBXFileReference; fileEncoding = 4; lastKnownFileType = sourcecode.swift; path = DesignableTabBarController.swift; sourceTree = "<group>"; };
		7876D2B41C18314A00AE2B42 /* DesignableTextField.swift */ = {isa = PBXFileReference; fileEncoding = 4; lastKnownFileType = sourcecode.swift; path = DesignableTextField.swift; sourceTree = "<group>"; };
		7876D2B51C18314A00AE2B42 /* DesignableTextView.swift */ = {isa = PBXFileReference; fileEncoding = 4; lastKnownFileType = sourcecode.swift; path = DesignableTextView.swift; sourceTree = "<group>"; };
		7876D2B61C18314A00AE2B42 /* DesignableView.swift */ = {isa = PBXFileReference; fileEncoding = 4; lastKnownFileType = sourcecode.swift; path = DesignableView.swift; sourceTree = "<group>"; };
		7876D2B71C18314A00AE2B42 /* ImageLoader.swift */ = {isa = PBXFileReference; fileEncoding = 4; lastKnownFileType = sourcecode.swift; path = ImageLoader.swift; sourceTree = "<group>"; };
		7876D2B81C18314A00AE2B42 /* Info.plist */ = {isa = PBXFileReference; fileEncoding = 4; lastKnownFileType = text.plist.xml; path = Info.plist; sourceTree = "<group>"; };
		7876D2B91C18314A00AE2B42 /* KeyboardLayoutConstraint.swift */ = {isa = PBXFileReference; fileEncoding = 4; lastKnownFileType = sourcecode.swift; path = KeyboardLayoutConstraint.swift; sourceTree = "<group>"; };
		7876D2BA1C18314A00AE2B42 /* LoadingView.swift */ = {isa = PBXFileReference; fileEncoding = 4; lastKnownFileType = sourcecode.swift; path = LoadingView.swift; sourceTree = "<group>"; };
		7876D2BB1C18314A00AE2B42 /* LoadingView.xib */ = {isa = PBXFileReference; fileEncoding = 4; lastKnownFileType = file.xib; path = LoadingView.xib; sourceTree = "<group>"; };
		7876D2BC1C18314A00AE2B42 /* Misc.swift */ = {isa = PBXFileReference; fileEncoding = 4; lastKnownFileType = sourcecode.swift; path = Misc.swift; sourceTree = "<group>"; };
		7876D2BD1C18314A00AE2B42 /* SoundPlayer.swift */ = {isa = PBXFileReference; fileEncoding = 4; lastKnownFileType = sourcecode.swift; path = SoundPlayer.swift; sourceTree = "<group>"; };
		7876D2BE1C18314A00AE2B42 /* Spring.h */ = {isa = PBXFileReference; fileEncoding = 4; lastKnownFileType = sourcecode.c.h; path = Spring.h; sourceTree = "<group>"; };
		7876D2BF1C18314A00AE2B42 /* Spring.swift */ = {isa = PBXFileReference; fileEncoding = 4; lastKnownFileType = sourcecode.swift; path = Spring.swift; sourceTree = "<group>"; };
		7876D2C01C18314A00AE2B42 /* SpringAnimation.swift */ = {isa = PBXFileReference; fileEncoding = 4; lastKnownFileType = sourcecode.swift; path = SpringAnimation.swift; sourceTree = "<group>"; };
		7876D2C11C18314A00AE2B42 /* SpringButton.swift */ = {isa = PBXFileReference; fileEncoding = 4; lastKnownFileType = sourcecode.swift; path = SpringButton.swift; sourceTree = "<group>"; };
		7876D2C21C18314A00AE2B42 /* SpringImageView.swift */ = {isa = PBXFileReference; fileEncoding = 4; lastKnownFileType = sourcecode.swift; path = SpringImageView.swift; sourceTree = "<group>"; };
		7876D2C31C18314A00AE2B42 /* SpringLabel.swift */ = {isa = PBXFileReference; fileEncoding = 4; lastKnownFileType = sourcecode.swift; path = SpringLabel.swift; sourceTree = "<group>"; };
		7876D2C41C18314A00AE2B42 /* SpringTextField.swift */ = {isa = PBXFileReference; fileEncoding = 4; lastKnownFileType = sourcecode.swift; path = SpringTextField.swift; sourceTree = "<group>"; };
		7876D2C51C18314A00AE2B42 /* SpringTextView.swift */ = {isa = PBXFileReference; fileEncoding = 4; lastKnownFileType = sourcecode.swift; path = SpringTextView.swift; sourceTree = "<group>"; };
		7876D2C61C18314A00AE2B42 /* SpringView.swift */ = {isa = PBXFileReference; fileEncoding = 4; lastKnownFileType = sourcecode.swift; path = SpringView.swift; sourceTree = "<group>"; };
		7876D2C71C18314A00AE2B42 /* TransitionManager.swift */ = {isa = PBXFileReference; fileEncoding = 4; lastKnownFileType = sourcecode.swift; path = TransitionManager.swift; sourceTree = "<group>"; };
		7876D2C81C18314A00AE2B42 /* TransitionZoom.swift */ = {isa = PBXFileReference; fileEncoding = 4; lastKnownFileType = sourcecode.swift; path = TransitionZoom.swift; sourceTree = "<group>"; };
		7876D2C91C18314A00AE2B42 /* UnwindSegue.swift */ = {isa = PBXFileReference; fileEncoding = 4; lastKnownFileType = sourcecode.swift; path = UnwindSegue.swift; sourceTree = "<group>"; };
		7876D2E91C1836B500AE2B42 /* CoreMotion.framework */ = {isa = PBXFileReference; lastKnownFileType = wrapper.framework; name = CoreMotion.framework; path = System/Library/Frameworks/CoreMotion.framework; sourceTree = SDKROOT; };
		789105B01C1845AD008D2D2A /* RootNavController.swift */ = {isa = PBXFileReference; fileEncoding = 4; lastKnownFileType = sourcecode.swift; path = RootNavController.swift; sourceTree = "<group>"; };
		789105B21C185209008D2D2A /* TinyPhotoLibraryViewController.swift */ = {isa = PBXFileReference; fileEncoding = 4; lastKnownFileType = sourcecode.swift; path = TinyPhotoLibraryViewController.swift; sourceTree = "<group>"; };
		78979C9A1BC80882003F86BB /* Back to the Photo.app */ = {isa = PBXFileReference; explicitFileType = wrapper.application; includeInIndex = 0; path = "Back to the Photo.app"; sourceTree = BUILT_PRODUCTS_DIR; };
		78979C9D1BC80882003F86BB /* AppDelegate.swift */ = {isa = PBXFileReference; lastKnownFileType = sourcecode.swift; path = AppDelegate.swift; sourceTree = "<group>"; };
		78979C9F1BC80882003F86BB /* FirstViewController.swift */ = {isa = PBXFileReference; lastKnownFileType = sourcecode.swift; path = FirstViewController.swift; sourceTree = "<group>"; };
		78979CA41BC80882003F86BB /* Base */ = {isa = PBXFileReference; lastKnownFileType = file.storyboard; name = Base; path = Base.lproj/Main.storyboard; sourceTree = "<group>"; };
		78979CA61BC80882003F86BB /* Assets.xcassets */ = {isa = PBXFileReference; lastKnownFileType = folder.assetcatalog; path = Assets.xcassets; sourceTree = "<group>"; };
		78979CA91BC80882003F86BB /* Base */ = {isa = PBXFileReference; lastKnownFileType = file.storyboard; name = Base; path = Base.lproj/LaunchScreen.storyboard; sourceTree = "<group>"; };
		78979CAB1BC80882003F86BB /* Info.plist */ = {isa = PBXFileReference; lastKnownFileType = text.plist.xml; path = Info.plist; sourceTree = "<group>"; };
		78E49B9F1C16F7AD0007F3DA /* about.html */ = {isa = PBXFileReference; fileEncoding = 4; lastKnownFileType = text.html; path = about.html; sourceTree = "<group>"; };
		78E49BA11C170B2B0007F3DA /* AboutViewController.swift */ = {isa = PBXFileReference; fileEncoding = 4; lastKnownFileType = sourcecode.swift; path = AboutViewController.swift; sourceTree = "<group>"; };
		78E6E5721C0F3BE40062929D /* ShowReminderViewController.swift */ = {isa = PBXFileReference; fileEncoding = 4; lastKnownFileType = sourcecode.swift; path = ShowReminderViewController.swift; sourceTree = "<group>"; };
		78E6E5741C0F5B560062929D /* DatePickerDialog.swift */ = {isa = PBXFileReference; fileEncoding = 4; lastKnownFileType = sourcecode.swift; path = DatePickerDialog.swift; sourceTree = "<group>"; };
/* End PBXFileReference section */

/* Begin PBXFrameworksBuildPhase section */
		780C4EC31C1985A800820048 /* Frameworks */ = {
			isa = PBXFrameworksBuildPhase;
			buildActionMask = 2147483647;
			files = (
				780C4EC81C1985A800820048 /* NotificationCenter.framework in Frameworks */,
			);
			runOnlyForDeploymentPostprocessing = 0;
		};
		78979C971BC80882003F86BB /* Frameworks */ = {
			isa = PBXFrameworksBuildPhase;
			buildActionMask = 2147483647;
			files = (
				7876D2EB1C18381200AE2B42 /* CoreMotion.framework in Frameworks */,
			);
			runOnlyForDeploymentPostprocessing = 0;
		};
/* End PBXFrameworksBuildPhase section */

/* Begin PBXGroup section */
		668FEDC21C0DEA8900A9F289 /* Frameworks */ = {
			isa = PBXGroup;
			children = (
				7876D2E91C1836B500AE2B42 /* CoreMotion.framework */,
				780C4EC71C1985A800820048 /* NotificationCenter.framework */,
			);
			name = Frameworks;
			sourceTree = "<group>";
		};
		780C4EC91C1985A800820048 /* Back to the Photo Widget */ = {
			isa = PBXGroup;
			children = (
				780C4ECA1C1985A800820048 /* TodayViewController.swift */,
				780C4ECC1C1985A800820048 /* MainInterface.storyboard */,
				780C4ECF1C1985A800820048 /* Info.plist */,
			);
			path = "Back to the Photo Widget";
			sourceTree = "<group>";
		};
		7876D2AB1C18314A00AE2B42 /* Spring */ = {
			isa = PBXGroup;
			children = (
				7876D2AC1C18314A00AE2B42 /* AsyncButton.swift */,
				7876D2AD1C18314A00AE2B42 /* AsyncImageView.swift */,
				7876D2AE1C18314A00AE2B42 /* AutoTextView.swift */,
				7876D2AF1C18314A00AE2B42 /* BlurView.swift */,
				7876D2B01C18314A00AE2B42 /* DesignableButton.swift */,
				7876D2B11C18314A00AE2B42 /* DesignableImageView.swift */,
				7876D2B21C18314A00AE2B42 /* DesignableLabel.swift */,
				7876D2B31C18314A00AE2B42 /* DesignableTabBarController.swift */,
				7876D2B41C18314A00AE2B42 /* DesignableTextField.swift */,
				7876D2B51C18314A00AE2B42 /* DesignableTextView.swift */,
				7876D2B61C18314A00AE2B42 /* DesignableView.swift */,
				7876D2B71C18314A00AE2B42 /* ImageLoader.swift */,
				7876D2B81C18314A00AE2B42 /* Info.plist */,
				7876D2B91C18314A00AE2B42 /* KeyboardLayoutConstraint.swift */,
				7876D2BA1C18314A00AE2B42 /* LoadingView.swift */,
				7876D2BB1C18314A00AE2B42 /* LoadingView.xib */,
				7876D2BC1C18314A00AE2B42 /* Misc.swift */,
				7876D2BD1C18314A00AE2B42 /* SoundPlayer.swift */,
				7876D2BE1C18314A00AE2B42 /* Spring.h */,
				7876D2BF1C18314A00AE2B42 /* Spring.swift */,
				7876D2C01C18314A00AE2B42 /* SpringAnimation.swift */,
				7876D2C11C18314A00AE2B42 /* SpringButton.swift */,
				7876D2C21C18314A00AE2B42 /* SpringImageView.swift */,
				7876D2C31C18314A00AE2B42 /* SpringLabel.swift */,
				7876D2C41C18314A00AE2B42 /* SpringTextField.swift */,
				7876D2C51C18314A00AE2B42 /* SpringTextView.swift */,
				7876D2C61C18314A00AE2B42 /* SpringView.swift */,
				7876D2C71C18314A00AE2B42 /* TransitionManager.swift */,
				7876D2C81C18314A00AE2B42 /* TransitionZoom.swift */,
				7876D2C91C18314A00AE2B42 /* UnwindSegue.swift */,
			);
			path = Spring;
			sourceTree = "<group>";
		};
		78979C911BC80882003F86BB = {
			isa = PBXGroup;
			children = (
				78979C9C1BC80882003F86BB /* Back to the Photo */,
				780C4EC91C1985A800820048 /* Back to the Photo Widget */,
				668FEDC21C0DEA8900A9F289 /* Frameworks */,
				78979C9B1BC80882003F86BB /* Products */,
			);
			sourceTree = "<group>";
		};
		78979C9B1BC80882003F86BB /* Products */ = {
			isa = PBXGroup;
			children = (
				78979C9A1BC80882003F86BB /* Back to the Photo.app */,
				780C4EC61C1985A800820048 /* Back to the Photo Widget.appex */,
			);
			name = Products;
			sourceTree = "<group>";
		};
		78979C9C1BC80882003F86BB /* Back to the Photo */ = {
			isa = PBXGroup;
			children = (
				7876D2AB1C18314A00AE2B42 /* Spring */,
				78979C9D1BC80882003F86BB /* AppDelegate.swift */,
				78979C9F1BC80882003F86BB /* FirstViewController.swift */,
				789105B21C185209008D2D2A /* TinyPhotoLibraryViewController.swift */,
				7876D2A91C1825A400AE2B42 /* AddPhotoController.swift */,
				784D15D61C11E43E004DFC65 /* ScreenshotsCollectionViewController.swift */,
				668FEDCA1C0E51DE00A9F289 /* SettingsViewController.swift */,
				78E49BA11C170B2B0007F3DA /* AboutViewController.swift */,
				78E6E5721C0F3BE40062929D /* ShowReminderViewController.swift */,
				663C6DFF1C0B4000000CA09C /* ScreenshotsCollectionViewFlowLayout.swift */,
				663C6E011C0BAF6D000CA09C /* ScreenshotCell.swift */,
				668FEDC71C0E25B800A9F289 /* CNPGridMenu.h */,
				668FEDC81C0E25B800A9F289 /* CNPGridMenu.m */,
				78E6E5741C0F5B560062929D /* DatePickerDialog.swift */,
				780C4ED61C19C47300820048 /* DoneHUD.swift */,
				780C4ED71C19C47300820048 /* DoneView.swift */,
				78979CA31BC80882003F86BB /* Main.storyboard */,
				789105B01C1845AD008D2D2A /* RootNavController.swift */,
				78979CA61BC80882003F86BB /* Assets.xcassets */,
				78979CA81BC80882003F86BB /* LaunchScreen.storyboard */,
				78979CAB1BC80882003F86BB /* Info.plist */,
				668FEDC61C0E25B800A9F289 /* Mmry-Bridging-Header.h */,
				78E49B9F1C16F7AD0007F3DA /* about.html */,
			);
			name = "Back to the Photo";
			path = Mmry;
			sourceTree = "<group>";
		};
/* End PBXGroup section */

/* Begin PBXNativeTarget section */
		780C4EC51C1985A800820048 /* Back to the Photo Widget */ = {
			isa = PBXNativeTarget;
			buildConfigurationList = 780C4ED31C1985A800820048 /* Build configuration list for PBXNativeTarget "Back to the Photo Widget" */;
			buildPhases = (
				780C4EC21C1985A800820048 /* Sources */,
				780C4EC31C1985A800820048 /* Frameworks */,
				780C4EC41C1985A800820048 /* Resources */,
			);
			buildRules = (
			);
			dependencies = (
			);
			name = "Back to the Photo Widget";
			productName = "Back to the Photo Widget";
			productReference = 780C4EC61C1985A800820048 /* Back to the Photo Widget.appex */;
			productType = "com.apple.product-type.app-extension";
		};
		78979C991BC80882003F86BB /* Back to the Photo */ = {
			isa = PBXNativeTarget;
			buildConfigurationList = 78979CAE1BC80882003F86BB /* Build configuration list for PBXNativeTarget "Back to the Photo" */;
			buildPhases = (
				78979C961BC80882003F86BB /* Sources */,
				78979C971BC80882003F86BB /* Frameworks */,
				78979C981BC80882003F86BB /* Resources */,
				663C6DFE1C0B393D000CA09C /* Embed Watch Content */,
				668FEDC11C0DEA7600A9F289 /* Embed Frameworks */,
				668FEDC31C0DEAA500A9F289 /* ShellScript */,
				78E49BB51C1718B70007F3DA /* Embed App Extensions */,
			);
			buildRules = (
			);
			dependencies = (
				780C4ED11C1985A800820048 /* PBXTargetDependency */,
			);
			name = "Back to the Photo";
			productName = Mmry;
			productReference = 78979C9A1BC80882003F86BB /* Back to the Photo.app */;
			productType = "com.apple.product-type.application";
		};
/* End PBXNativeTarget section */

/* Begin PBXProject section */
		78979C921BC80882003F86BB /* Project object */ = {
			isa = PBXProject;
			attributes = {
				LastSwiftUpdateCheck = 0710;
				LastUpgradeCheck = 0700;
				ORGANIZATIONNAME = "Beckman Creative";
				TargetAttributes = {
					780C4EC51C1985A800820048 = {
						CreatedOnToolsVersion = 7.1.1;
						DevelopmentTeam = NGB32TH254;
					};
					78979C991BC80882003F86BB = {
						CreatedOnToolsVersion = 7.0;
						DevelopmentTeam = NGB32TH254;
						SystemCapabilities = {
							com.apple.BackgroundModes = {
								enabled = 0;
							};
						};
					};
				};
			};
			buildConfigurationList = 78979C951BC80882003F86BB /* Build configuration list for PBXProject "Back to the Photo" */;
			compatibilityVersion = "Xcode 3.2";
			developmentRegion = English;
			hasScannedForEncodings = 0;
			knownRegions = (
				en,
				Base,
			);
			mainGroup = 78979C911BC80882003F86BB;
			productRefGroup = 78979C9B1BC80882003F86BB /* Products */;
			projectDirPath = "";
			projectRoot = "";
			targets = (
				78979C991BC80882003F86BB /* Back to the Photo */,
				780C4EC51C1985A800820048 /* Back to the Photo Widget */,
			);
		};
/* End PBXProject section */

/* Begin PBXResourcesBuildPhase section */
		780C4EC41C1985A800820048 /* Resources */ = {
			isa = PBXResourcesBuildPhase;
			buildActionMask = 2147483647;
			files = (
				780C4ECE1C1985A800820048 /* MainInterface.storyboard in Resources */,
			);
			runOnlyForDeploymentPostprocessing = 0;
		};
		78979C981BC80882003F86BB /* Resources */ = {
			isa = PBXResourcesBuildPhase;
			buildActionMask = 2147483647;
			files = (
				78E49BA01C16F7AD0007F3DA /* about.html in Resources */,
				78979CAA1BC80882003F86BB /* LaunchScreen.storyboard in Resources */,
				78979CA71BC80882003F86BB /* Assets.xcassets in Resources */,
				7876D2D91C18314A00AE2B42 /* LoadingView.xib in Resources */,
				7876D2D61C18314A00AE2B42 /* Info.plist in Resources */,
				78979CA51BC80882003F86BB /* Main.storyboard in Resources */,
			);
			runOnlyForDeploymentPostprocessing = 0;
		};
/* End PBXResourcesBuildPhase section */

/* Begin PBXShellScriptBuildPhase section */
		668FEDC31C0DEAA500A9F289 /* ShellScript */ = {
			isa = PBXShellScriptBuildPhase;
			buildActionMask = 2147483647;
			files = (
			);
			inputPaths = (
				"$(SRCROOT)/Carthage/Build/iOS/PermissionScope.framework",
				"$(SRCROOT)/Carthage/Build/iOS/ImagePickerSheetController.framework",
			);
			outputPaths = (
			);
			runOnlyForDeploymentPostprocessing = 0;
			shellPath = /bin/sh;
			shellScript = "/usr/local/bin/carthage copy-frameworks";
		};
/* End PBXShellScriptBuildPhase section */

/* Begin PBXSourcesBuildPhase section */
		780C4EC21C1985A800820048 /* Sources */ = {
			isa = PBXSourcesBuildPhase;
			buildActionMask = 2147483647;
			files = (
				780C4ECB1C1985A800820048 /* TodayViewController.swift in Sources */,
			);
			runOnlyForDeploymentPostprocessing = 0;
		};
		78979C961BC80882003F86BB /* Sources */ = {
			isa = PBXSourcesBuildPhase;
			buildActionMask = 2147483647;
			files = (
				7876D2E21C18314A00AE2B42 /* SpringTextView.swift in Sources */,
				7876D2D11C18314A00AE2B42 /* DesignableTabBarController.swift in Sources */,
				7876D2CB1C18314A00AE2B42 /* AsyncImageView.swift in Sources */,
				78E6E5731C0F3BE40062929D /* ShowReminderViewController.swift in Sources */,
				780C4ED81C19C47300820048 /* DoneHUD.swift in Sources */,
				789105B31C185209008D2D2A /* TinyPhotoLibraryViewController.swift in Sources */,
				7876D2D31C18314A00AE2B42 /* DesignableTextView.swift in Sources */,
				7876D2CD1C18314A00AE2B42 /* BlurView.swift in Sources */,
				7876D2DA1C18314A00AE2B42 /* Misc.swift in Sources */,
				7876D2DC1C18314A00AE2B42 /* Spring.swift in Sources */,
				7876D2D71C18314A00AE2B42 /* KeyboardLayoutConstraint.swift in Sources */,
				7876D2DE1C18314A00AE2B42 /* SpringButton.swift in Sources */,
				7876D2E31C18314A00AE2B42 /* SpringView.swift in Sources */,
				78979C9E1BC80882003F86BB /* AppDelegate.swift in Sources */,
				7876D2CA1C18314A00AE2B42 /* AsyncButton.swift in Sources */,
				668FEDC91C0E25B800A9F289 /* CNPGridMenu.m in Sources */,
				7876D2D21C18314A00AE2B42 /* DesignableTextField.swift in Sources */,
				663C6E001C0B4000000CA09C /* ScreenshotsCollectionViewFlowLayout.swift in Sources */,
				663C6E021C0BAF6D000CA09C /* ScreenshotCell.swift in Sources */,
				7876D2AA1C1825A400AE2B42 /* AddPhotoController.swift in Sources */,
				7876D2CF1C18314A00AE2B42 /* DesignableImageView.swift in Sources */,
				78979CA01BC80882003F86BB /* FirstViewController.swift in Sources */,
				7876D2D41C18314A00AE2B42 /* DesignableView.swift in Sources */,
				7876D2E51C18314A00AE2B42 /* TransitionZoom.swift in Sources */,
				7876D2D51C18314A00AE2B42 /* ImageLoader.swift in Sources */,
				784D15D71C11E43E004DFC65 /* ScreenshotsCollectionViewController.swift in Sources */,
				7876D2DD1C18314A00AE2B42 /* SpringAnimation.swift in Sources */,
				789105B11C1845AD008D2D2A /* RootNavController.swift in Sources */,
				7876D2E41C18314A00AE2B42 /* TransitionManager.swift in Sources */,
				7876D2E61C18314A00AE2B42 /* UnwindSegue.swift in Sources */,
				7876D2D81C18314A00AE2B42 /* LoadingView.swift in Sources */,
				7876D2DF1C18314A00AE2B42 /* SpringImageView.swift in Sources */,
				7876D2CE1C18314A00AE2B42 /* DesignableButton.swift in Sources */,
				7876D2CC1C18314A00AE2B42 /* AutoTextView.swift in Sources */,
				7876D2DB1C18314A00AE2B42 /* SoundPlayer.swift in Sources */,
				668FEDCB1C0E51DE00A9F289 /* SettingsViewController.swift in Sources */,
				78E49BA21C170B2B0007F3DA /* AboutViewController.swift in Sources */,
				7876D2D01C18314A00AE2B42 /* DesignableLabel.swift in Sources */,
				780C4ED91C19C47300820048 /* DoneView.swift in Sources */,
				7876D2E11C18314A00AE2B42 /* SpringTextField.swift in Sources */,
				78E6E5751C0F5B560062929D /* DatePickerDialog.swift in Sources */,
				7876D2E01C18314A00AE2B42 /* SpringLabel.swift in Sources */,
			);
			runOnlyForDeploymentPostprocessing = 0;
		};
/* End PBXSourcesBuildPhase section */

/* Begin PBXTargetDependency section */
		780C4ED11C1985A800820048 /* PBXTargetDependency */ = {
			isa = PBXTargetDependency;
			target = 780C4EC51C1985A800820048 /* Back to the Photo Widget */;
			targetProxy = 780C4ED01C1985A800820048 /* PBXContainerItemProxy */;
		};
/* End PBXTargetDependency section */

/* Begin PBXVariantGroup section */
		780C4ECC1C1985A800820048 /* MainInterface.storyboard */ = {
			isa = PBXVariantGroup;
			children = (
				780C4ECD1C1985A800820048 /* Base */,
			);
			name = MainInterface.storyboard;
			sourceTree = "<group>";
		};
		78979CA31BC80882003F86BB /* Main.storyboard */ = {
			isa = PBXVariantGroup;
			children = (
				78979CA41BC80882003F86BB /* Base */,
			);
			name = Main.storyboard;
			sourceTree = "<group>";
		};
		78979CA81BC80882003F86BB /* LaunchScreen.storyboard */ = {
			isa = PBXVariantGroup;
			children = (
				78979CA91BC80882003F86BB /* Base */,
			);
			name = LaunchScreen.storyboard;
			sourceTree = "<group>";
		};
/* End PBXVariantGroup section */

/* Begin XCBuildConfiguration section */
		780C4ED41C1985A800820048 /* Debug */ = {
			isa = XCBuildConfiguration;
			buildSettings = {
				CODE_SIGN_IDENTITY = "iPhone Developer";
				"CODE_SIGN_IDENTITY[sdk=iphoneos*]" = "iPhone Developer";
				INFOPLIST_FILE = "Back to the Photo Widget/Info.plist";
				IPHONEOS_DEPLOYMENT_TARGET = 9.1;
				LD_RUNPATH_SEARCH_PATHS = "$(inherited) @executable_path/Frameworks @executable_path/../../Frameworks";
				PRODUCT_BUNDLE_IDENTIFIER = "se.beckmancreative.bttp.Back-to-the-Photo-Widget";
				PRODUCT_NAME = "$(TARGET_NAME)";
				SKIP_INSTALL = YES;
			};
			name = Debug;
		};
		780C4ED51C1985A800820048 /* Release */ = {
			isa = XCBuildConfiguration;
			buildSettings = {
				CODE_SIGN_IDENTITY = "iPhone Developer";
				"CODE_SIGN_IDENTITY[sdk=iphoneos*]" = "iPhone Developer";
				INFOPLIST_FILE = "Back to the Photo Widget/Info.plist";
				IPHONEOS_DEPLOYMENT_TARGET = 9.1;
				LD_RUNPATH_SEARCH_PATHS = "$(inherited) @executable_path/Frameworks @executable_path/../../Frameworks";
				PRODUCT_BUNDLE_IDENTIFIER = "se.beckmancreative.bttp.Back-to-the-Photo-Widget";
				PRODUCT_NAME = "$(TARGET_NAME)";
				SKIP_INSTALL = YES;
			};
			name = Release;
		};
		78979CAC1BC80882003F86BB /* Debug */ = {
			isa = XCBuildConfiguration;
			buildSettings = {
				ALWAYS_SEARCH_USER_PATHS = NO;
				CLANG_CXX_LANGUAGE_STANDARD = "gnu++0x";
				CLANG_CXX_LIBRARY = "libc++";
				CLANG_ENABLE_MODULES = YES;
				CLANG_ENABLE_OBJC_ARC = YES;
				CLANG_WARN_BOOL_CONVERSION = YES;
				CLANG_WARN_CONSTANT_CONVERSION = YES;
				CLANG_WARN_DIRECT_OBJC_ISA_USAGE = YES_ERROR;
				CLANG_WARN_EMPTY_BODY = YES;
				CLANG_WARN_ENUM_CONVERSION = YES;
				CLANG_WARN_INT_CONVERSION = YES;
				CLANG_WARN_OBJC_ROOT_CLASS = YES_ERROR;
				CLANG_WARN_UNREACHABLE_CODE = YES;
				CLANG_WARN__DUPLICATE_METHOD_MATCH = YES;
				"CODE_SIGN_IDENTITY[sdk=iphoneos*]" = "iPhone Developer";
				COPY_PHASE_STRIP = NO;
				DEBUG_INFORMATION_FORMAT = dwarf;
				ENABLE_STRICT_OBJC_MSGSEND = YES;
				ENABLE_TESTABILITY = YES;
				GCC_C_LANGUAGE_STANDARD = gnu99;
				GCC_DYNAMIC_NO_PIC = NO;
				GCC_NO_COMMON_BLOCKS = YES;
				GCC_OPTIMIZATION_LEVEL = 0;
				GCC_PREPROCESSOR_DEFINITIONS = (
					"DEBUG=1",
					"$(inherited)",
				);
				GCC_WARN_64_TO_32_BIT_CONVERSION = YES;
				GCC_WARN_ABOUT_RETURN_TYPE = YES_ERROR;
				GCC_WARN_UNDECLARED_SELECTOR = YES;
				GCC_WARN_UNINITIALIZED_AUTOS = YES_AGGRESSIVE;
				GCC_WARN_UNUSED_FUNCTION = YES;
				GCC_WARN_UNUSED_VARIABLE = YES;
				IPHONEOS_DEPLOYMENT_TARGET = 9.0;
				MTL_ENABLE_DEBUG_INFO = YES;
				ONLY_ACTIVE_ARCH = YES;
				SDKROOT = iphoneos;
				SWIFT_OPTIMIZATION_LEVEL = "-Onone";
			};
			name = Debug;
		};
		78979CAD1BC80882003F86BB /* Release */ = {
			isa = XCBuildConfiguration;
			buildSettings = {
				ALWAYS_SEARCH_USER_PATHS = NO;
				CLANG_CXX_LANGUAGE_STANDARD = "gnu++0x";
				CLANG_CXX_LIBRARY = "libc++";
				CLANG_ENABLE_MODULES = YES;
				CLANG_ENABLE_OBJC_ARC = YES;
				CLANG_WARN_BOOL_CONVERSION = YES;
				CLANG_WARN_CONSTANT_CONVERSION = YES;
				CLANG_WARN_DIRECT_OBJC_ISA_USAGE = YES_ERROR;
				CLANG_WARN_EMPTY_BODY = YES;
				CLANG_WARN_ENUM_CONVERSION = YES;
				CLANG_WARN_INT_CONVERSION = YES;
				CLANG_WARN_OBJC_ROOT_CLASS = YES_ERROR;
				CLANG_WARN_UNREACHABLE_CODE = YES;
				CLANG_WARN__DUPLICATE_METHOD_MATCH = YES;
				"CODE_SIGN_IDENTITY[sdk=iphoneos*]" = "iPhone Developer";
				COPY_PHASE_STRIP = NO;
				DEBUG_INFORMATION_FORMAT = "dwarf-with-dsym";
				ENABLE_NS_ASSERTIONS = NO;
				ENABLE_STRICT_OBJC_MSGSEND = YES;
				GCC_C_LANGUAGE_STANDARD = gnu99;
				GCC_NO_COMMON_BLOCKS = YES;
				GCC_WARN_64_TO_32_BIT_CONVERSION = YES;
				GCC_WARN_ABOUT_RETURN_TYPE = YES_ERROR;
				GCC_WARN_UNDECLARED_SELECTOR = YES;
				GCC_WARN_UNINITIALIZED_AUTOS = YES_AGGRESSIVE;
				GCC_WARN_UNUSED_FUNCTION = YES;
				GCC_WARN_UNUSED_VARIABLE = YES;
				IPHONEOS_DEPLOYMENT_TARGET = 9.0;
				MTL_ENABLE_DEBUG_INFO = NO;
				SDKROOT = iphoneos;
				VALIDATE_PRODUCT = YES;
			};
			name = Release;
		};
		78979CAF1BC80882003F86BB /* Debug */ = {
			isa = XCBuildConfiguration;
			buildSettings = {
				ASSETCATALOG_COMPILER_APPICON_NAME = AppIcon;
				ASSETCATALOG_COMPILER_LAUNCHIMAGE_NAME = LaunchImage;
				CLANG_ENABLE_MODULES = YES;
				CODE_SIGN_IDENTITY = "iPhone Developer";
				"CODE_SIGN_IDENTITY[sdk=iphoneos*]" = "iPhone Developer";
				EMBEDDED_CONTENT_CONTAINS_SWIFT = YES;
				FRAMEWORK_SEARCH_PATHS = (
					"$(inherited)",
					"$(PROJECT_DIR)/Carthage/Build/iOS",
				);
				INFOPLIST_FILE = Mmry/Info.plist;
				IPHONEOS_DEPLOYMENT_TARGET = 9.1;
				LD_RUNPATH_SEARCH_PATHS = "$(inherited) @executable_path/Frameworks";
				PRODUCT_BUNDLE_IDENTIFIER = se.beckmancreative.bttp;
				PRODUCT_NAME = "Back to the Photo";
				PROVISIONING_PROFILE = "";
				SWIFT_OBJC_BRIDGING_HEADER = "Mmry/Mmry-Bridging-Header.h";
				SWIFT_OPTIMIZATION_LEVEL = "-Onone";
			};
			name = Debug;
		};
		78979CB01BC80882003F86BB /* Release */ = {
			isa = XCBuildConfiguration;
			buildSettings = {
				ASSETCATALOG_COMPILER_APPICON_NAME = AppIcon;
				ASSETCATALOG_COMPILER_LAUNCHIMAGE_NAME = LaunchImage;
				CLANG_ENABLE_MODULES = YES;
				CODE_SIGN_IDENTITY = "iPhone Developer";
				"CODE_SIGN_IDENTITY[sdk=iphoneos*]" = "iPhone Developer";
				EMBEDDED_CONTENT_CONTAINS_SWIFT = YES;
				FRAMEWORK_SEARCH_PATHS = (
					"$(inherited)",
					"$(PROJECT_DIR)/Carthage/Build/iOS",
				);
				INFOPLIST_FILE = Mmry/Info.plist;
				IPHONEOS_DEPLOYMENT_TARGET = 9.1;
				LD_RUNPATH_SEARCH_PATHS = "$(inherited) @executable_path/Frameworks";
				PRODUCT_BUNDLE_IDENTIFIER = se.beckmancreative.bttp;
				PRODUCT_NAME = "Back to the Photo";
				PROVISIONING_PROFILE = "";
				SWIFT_OBJC_BRIDGING_HEADER = "Mmry/Mmry-Bridging-Header.h";
			};
			name = Release;
		};
/* End XCBuildConfiguration section */

/* Begin XCConfigurationList section */
		780C4ED31C1985A800820048 /* Build configuration list for PBXNativeTarget "Back to the Photo Widget" */ = {
			isa = XCConfigurationList;
			buildConfigurations = (
				780C4ED41C1985A800820048 /* Debug */,
				780C4ED51C1985A800820048 /* Release */,
			);
			defaultConfigurationIsVisible = 0;
			defaultConfigurationName = Release;
		};
		78979C951BC80882003F86BB /* Build configuration list for PBXProject "Back to the Photo" */ = {
			isa = XCConfigurationList;
			buildConfigurations = (
				78979CAC1BC80882003F86BB /* Debug */,
				78979CAD1BC80882003F86BB /* Release */,
			);
			defaultConfigurationIsVisible = 0;
			defaultConfigurationName = Release;
		};
		78979CAE1BC80882003F86BB /* Build configuration list for PBXNativeTarget "Back to the Photo" */ = {
			isa = XCConfigurationList;
			buildConfigurations = (
				78979CAF1BC80882003F86BB /* Debug */,
				78979CB01BC80882003F86BB /* Release */,
			);
			defaultConfigurationIsVisible = 0;
			defaultConfigurationName = Release;
		};
/* End XCConfigurationList section */
	};
	rootObject = 78979C921BC80882003F86BB /* Project object */;
}
